# generated by rye
# use `rye lock` or `rye sync` to update this lockfile
#
# last locked with the following flags:
#   pre: false
#   features: []
#   all-features: false
#   with-sources: false
#   generate-hashes: false
#   universal: false

-e file:.
aiohappyeyeballs==2.4.0
    # via aiohttp
aiohttp==3.10.5
    # via aiohttp-client-cache
    # via langchain
    # via langchain-community
    # via threat-intell2
aiohttp-client-cache==0.11.1
    # via threat-intell2
aiosignal==1.3.1
    # via aiohttp
aiosqlite==0.20.0
    # via threat-intell2
annotated-types==0.7.0
    # via pydantic
anyio==4.4.0
    # via httpx
    # via openai
asyncio==3.4.3
    # via threat-intell2
attrs==24.2.0
    # via aiohttp
    # via aiohttp-client-cache
beautifulsoup4==4.12.3
    # via goose3
    # via threat-intell2
blis==0.7.11
    # via thinc
catalogue==2.0.10
    # via spacy
    # via srsly
    # via thinc
certifi==2024.8.30
    # via httpcore
    # via httpx
    # via requests
charset-normalizer==3.3.2
    # via requests
click==8.1.7
    # via typer
cloudpathlib==0.19.0
    # via weasel
colorama==0.4.6
    # via click
    # via tqdm
    # via wasabi
confection==0.1.5
    # via thinc
    # via weasel
cssselect==1.2.0
    # via goose3
curated-tokenizers==0.0.9
    # via spacy-curated-transformers
curated-transformers==0.1.1
    # via spacy-curated-transformers
cymem==2.0.8
    # via preshed
    # via spacy
    # via thinc
dataclasses-json==0.6.7
    # via langchain-community
distro==1.9.0
    # via openai
filelock==3.16.0
    # via torch
frozenlist==1.4.1
    # via aiohttp
    # via aiosignal
fsspec==2024.9.0
    # via torch
goose3==3.1.19
    # via threat-intell2
greenlet==3.1.0
    # via sqlalchemy
h11==0.14.0
    # via httpcore
httpcore==1.0.5
    # via httpx
httpx==0.27.2
    # via langsmith
    # via openai
idna==3.9
    # via anyio
    # via httpx
    # via requests
    # via yarl
itsdangerous==2.2.0
    # via aiohttp-client-cache
jinja2==3.1.4
    # via spacy
    # via torch
jiter==0.5.0
    # via openai
jsonpatch==1.33
    # via langchain-core
jsonpointer==3.0.0
    # via jsonpatch
langchain==0.3.0
    # via langchain-community
    # via threat-intell2
langchain-community==0.3.0
    # via threat-intell2
langchain-core==0.3.0
    # via langchain
    # via langchain-community
    # via langchain-openai
    # via langchain-text-splitters
    # via langgraph
    # via langgraph-checkpoint
langchain-openai==0.2.0
    # via threat-intell2
langchain-text-splitters==0.3.0
    # via langchain
langcodes==3.4.0
    # via spacy
langdetect==1.0.9
    # via goose3
langgraph==0.2.22
    # via threat-intell2
langgraph-checkpoint==1.0.10
    # via langgraph
langsmith==0.1.121
    # via langchain
    # via langchain-community
    # via langchain-core
language-data==1.2.0
    # via langcodes
lxml==5.3.0
    # via goose3
marisa-trie==1.2.0
    # via language-data
markdown-it-py==3.0.0
    # via rich
markupsafe==2.1.5
    # via jinja2
marshmallow==3.22.0
    # via dataclasses-json
mdurl==0.1.2
    # via markdown-it-py
mpmath==1.3.0
    # via sympy
msgpack==1.1.0
    # via langgraph-checkpoint
multidict==6.1.0
    # via aiohttp
    # via yarl
murmurhash==1.0.10
    # via preshed
    # via spacy
    # via thinc
mypy-extensions==1.0.0
    # via typing-inspect
networkx==3.3
    # via torch
numpy==1.26.4
    # via blis
    # via langchain
    # via langchain-community
    # via spacy
    # via thinc
openai==1.45.1
    # via langchain-openai
    # via threat-intell2
orjson==3.10.7
    # via langsmith
packaging==23.2
    # via langchain-core
    # via marshmallow
    # via spacy
    # via thinc
    # via weasel
pillow==10.4.0
    # via goose3
pip==24.2
    # via threat-intell2
preshed==3.0.9
    # via spacy
    # via thinc
pyahocorasick==2.1.0
    # via goose3
pydantic==2.9.1
    # via confection
    # via langchain
    # via langchain-core
    # via langsmith
    # via openai
    # via pydantic-settings
    # via spacy
    # via thinc
    # via weasel
pydantic-core==2.23.3
    # via pydantic
pydantic-settings==2.5.2
    # via langchain-community
pygments==2.18.0
    # via rich
python-dateutil==2.9.0.post0
    # via goose3
python-dotenv==1.0.1
    # via pydantic-settings
pyyaml==6.0.2
    # via langchain
    # via langchain-community
    # via langchain-core
regex==2024.9.11
    # via curated-tokenizers
    # via tiktoken
requests==2.32.3
    # via goose3
    # via langchain
    # via langchain-community
    # via langsmith
    # via spacy
    # via tiktoken
    # via weasel
rich==13.8.1
    # via typer
setuptools==75.1.0
    # via marisa-trie
    # via spacy
    # via thinc
    # via torch
shellingham==1.5.4
    # via typer
six==1.16.0
    # via langdetect
    # via python-dateutil
    # via url-normalize
smart-open==7.0.4
    # via weasel
sniffio==1.3.1
    # via anyio
    # via httpx
    # via openai
soupsieve==2.6
    # via beautifulsoup4
spacy==3.7.6
    # via spacy-curated-transformers
    # via threat-intell2
spacy-curated-transformers==0.2.2
    # via threat-intell2
spacy-legacy==3.0.12
    # via spacy
spacy-loggers==1.0.5
    # via spacy
sqlalchemy==2.0.34
    # via langchain
    # via langchain-community
srsly==2.4.8
    # via confection
    # via spacy
    # via thinc
    # via weasel
sympy==1.13.2
    # via torch
tenacity==8.5.0
    # via langchain
    # via langchain-community
    # via langchain-core
    # via threat-intell2
thinc==8.2.5
    # via spacy
tiktoken==0.7.0
    # via langchain-openai
    # via threat-intell2
torch==2.4.1
    # via curated-transformers
    # via spacy-curated-transformers
    # via threat-intell2
tqdm==4.66.5
    # via openai
    # via spacy
typer==0.12.5
    # via spacy
    # via weasel
typing-extensions==4.12.2
    # via aiosqlite
    # via langchain-core
    # via openai
    # via pydantic
    # via pydantic-core
    # via sqlalchemy
    # via torch
    # via typer
    # via typing-inspect
typing-inspect==0.9.0
    # via dataclasses-json
url-normalize==1.4.3
    # via aiohttp-client-cache
urllib3==2.2.3
    # via requests
wasabi==1.1.3
    # via spacy
    # via thinc
    # via weasel
weasel==0.4.1
    # via spacy
wrapt==1.16.0
    # via smart-open
yarl==1.11.1
    # via aiohttp
